
Microsoft Visual Studio Solution File, Format Version 12.00
# Visual Studio Version 16
VisualStudioVersion = 16.0.30204.135
MinimumVisualStudioVersion = 10.0.40219.1
Project("{FAE04EC0-301F-11D3-BF4B-00C04F79EFBC}") = "216Final", "216Final\216Final.csproj", "{D1E3EB36-8B3C-4039-A492-75FB2BD40911}"
EndProject
Global
	GlobalSection(SolutionConfigurationPlatforms) = preSolution
		Debug|Any CPU = Debug|Any CPU
		Release|Any CPU = Release|Any CPU
	EndGlobalSection
	GlobalSection(ProjectConfigurationPlatforms) = postSolution
		{D1E3EB36-8B3C-4039-A492-75FB2BD40911}.Debug|Any CPU.ActiveCfg = Debug|Any CPU
		{D1E3EB36-8B3C-4039-A492-75FB2BD40911}.Debug|Any CPU.Build.0 = Debug|Any CPU
		{D1E3EB36-8B3C-4039-A492-75FB2BD40911}.Release|Any CPU.ActiveCfg = Release|Any CPU
		{D1E3EB36-8B3C-4039-A492-75FB2BD40911}.Release|Any CPU.Build.0 = Release|Any CPU
	EndGlobalSection
	GlobalSection(SolutionProperties) = preSolution
		HideSolutionNode = FALSE
	EndGlobalSection
	GlobalSection(ExtensibilityGlobals) = postSolution
		SolutionGuid = {42819F8D-7FB1-4B33-96B0-03573F7E6DBC}
	EndGlobalSection
EndGlobal
